{
  "lockfileVersion": 1,
  "workspaces": {
    "": {
      "name": "myapp",
      "dependencies": {
        "tezx": "^2.0.6",
        "typescript": "^5.8.2",
      },
      "devDependencies": {
        "@types/node": "^22.13.14",
      },
    },
  },
  "packages": {
    "@types/node": ["@types/node@22.15.34", "", { "dependencies": { "undici-types": "~6.21.0" } }, "sha512-8Y6E5WUupYy1Dd0II32BsWAx5MWdcnRd8L84Oys3veg1YrYtNtzgO4CFhiBg6MDSjk7Ay36HYOnU7/tuOzIzcw=="],

    "tezx": ["tezx@2.0.6", "", {}, "sha512-CrQv7K6vDyUpPmUI5emUJxzNhZm7Nzwq3rcyDKvbrA+0pDgURSvMmiodccncqfbTKb+01cUSEDbks9fJSDwhxw=="],

    "typescript": ["typescript@5.8.3", "", { "bin": { "tsc": "bin/tsc", "tsserver": "bin/tsserver" } }, "sha512-p1diW6TqL9L07nNxvRMM7hMMw4c5XOo/1ibL4aAIGmSAt9slTE1Xgw5KWuof2uTOvCg9BY7ZRi+GaF+7sfgPeQ=="],

    "undici-types": ["undici-types@6.21.0", "", {}, "sha512-iwDZqg0QAGrg9Rav5H4n0M64c3mkR59cJ6wQp+7C4nI0gsmExaedaYLNO44eT4AtBBwjbTiGPMlt2Md0T9H9JQ=="],
  }
}
