{
        "name": "myapp",
        "version": "1.0.0",
        "lockfileVersion": 3,
        "requires": true,
        "packages": {
                "": {
                        "name": "myapp",
                        "version": "1.0.0",
                        "license": "ISC",
                        "dependencies": {
                                "tezx": "^2.0.3"
                        },
                        "devDependencies": {
                                "@types/node": "^22.13.14"
                        }
                },
                "node_modules/@types/node": {
                        "version": "22.15.34",
                        "dev": true,
                        "license": "MIT",
                        "dependencies": {
                                "undici-types": "~6.21.0"
                        }
                },
                "node_modules/tezx": {
                        "version": "2.0.6",
                        "license": "MIT"
                },
                "node_modules/undici-types": {
                        "version": "6.21.0",
                        "dev": true,
                        "license": "MIT"
                }
        }
}
